// !$*UTF8*$!
{
	archiveVersion = 1;
	classes = {
	};
	objectVersion = 48;
	objects = {

/* Begin PBXBuildFile section */
		830EBF6B23D5C1560033A006 /* Miama.otf in Resources */ = {isa = PBXBuildFile; fileRef = 830EBF6A23D5C1560033A006 /* Miama.otf */; };
		831E0C2C23D333B50050672D /* CountOnMe.swift in Sources */ = {isa = PBXBuildFile; fileRef = 831E0C2B23D333B50050672D /* CountOnMe.swift */; };
		83E17DB523D31506007F9DA9 /* AppDelegate.swift in Sources */ = {isa = PBXBuildFile; fileRef = 83E17DB423D31506007F9DA9 /* AppDelegate.swift */; };
		83E17DB723D31506007F9DA9 /* ViewController.swift in Sources */ = {isa = PBXBuildFile; fileRef = 83E17DB623D31506007F9DA9 /* ViewController.swift */; };
		83E17DBA23D31506007F9DA9 /* Main.storyboard in Resources */ = {isa = PBXBuildFile; fileRef = 83E17DB823D31506007F9DA9 /* Main.storyboard */; };
		83E17DBC23D31506007F9DA9 /* Assets.xcassets in Resources */ = {isa = PBXBuildFile; fileRef = 83E17DBB23D31506007F9DA9 /* Assets.xcassets */; };
		83E17DBF23D31506007F9DA9 /* LaunchScreen.storyboard in Resources */ = {isa = PBXBuildFile; fileRef = 83E17DBD23D31506007F9DA9 /* LaunchScreen.storyboard */; };
		83E17DCA23D31506007F9DA9 /* CountOnMe_OCTests.swift in Sources */ = {isa = PBXBuildFile; fileRef = 83E17DC923D31506007F9DA9 /* CountOnMe_OCTests.swift */; };
		83E17DD523D31506007F9DA9 /* CountOnMeUITests.swift in Sources */ = {isa = PBXBuildFile; fileRef = 83E17DD423D31506007F9DA9 /* CountOnMeUITests.swift */; };
/* End PBXBuildFile section */

/* Begin PBXContainerItemProxy section */
		83E17DC623D31506007F9DA9 /* PBXContainerItemProxy */ = {
			isa = PBXContainerItemProxy;
			containerPortal = 83E17DA923D31506007F9DA9 /* Project object */;
			proxyType = 1;
			remoteGlobalIDString = 83E17DB023D31506007F9DA9;
			remoteInfo = "CountOnMe-OC";
		};
		83E17DD123D31506007F9DA9 /* PBXContainerItemProxy */ = {
			isa = PBXContainerItemProxy;
			containerPortal = 83E17DA923D31506007F9DA9 /* Project object */;
			proxyType = 1;
			remoteGlobalIDString = 83E17DB023D31506007F9DA9;
			remoteInfo = "CountOnMe-OC";
		};
/* End PBXContainerItemProxy section */

/* Begin PBXFileReference section */
		830EBF6A23D5C1560033A006 /* Miama.otf */ = {isa = PBXFileReference; lastKnownFileType = file; path = Miama.otf; sourceTree = "<group>"; };
		831E0C2B23D333B50050672D /* CountOnMe.swift */ = {isa = PBXFileReference; lastKnownFileType = sourcecode.swift; path = CountOnMe.swift; sourceTree = "<group>"; };
		83E17DB123D31506007F9DA9 /* CountOnMe-OC.app */ = {isa = PBXFileReference; explicitFileType = wrapper.application; includeInIndex = 0; path = "CountOnMe-OC.app"; sourceTree = BUILT_PRODUCTS_DIR; };
		83E17DB423D31506007F9DA9 /* AppDelegate.swift */ = {isa = PBXFileReference; lastKnownFileType = sourcecode.swift; path = AppDelegate.swift; sourceTree = "<group>"; };
		83E17DB623D31506007F9DA9 /* ViewController.swift */ = {isa = PBXFileReference; lastKnownFileType = sourcecode.swift; path = ViewController.swift; sourceTree = "<group>"; };
		83E17DB923D31506007F9DA9 /* Base */ = {isa = PBXFileReference; lastKnownFileType = file.storyboard; name = Base; path = Base.lproj/Main.storyboard; sourceTree = "<group>"; };
		83E17DBB23D31506007F9DA9 /* Assets.xcassets */ = {isa = PBXFileReference; lastKnownFileType = folder.assetcatalog; path = Assets.xcassets; sourceTree = "<group>"; };
		83E17DBE23D31506007F9DA9 /* Base */ = {isa = PBXFileReference; lastKnownFileType = file.storyboard; name = Base; path = Base.lproj/LaunchScreen.storyboard; sourceTree = "<group>"; };
		83E17DC023D31506007F9DA9 /* Info.plist */ = {isa = PBXFileReference; lastKnownFileType = text.plist.xml; path = Info.plist; sourceTree = "<group>"; };
		83E17DC523D31506007F9DA9 /* CountOnMe-OCTests.xctest */ = {isa = PBXFileReference; explicitFileType = wrapper.cfbundle; includeInIndex = 0; path = "CountOnMe-OCTests.xctest"; sourceTree = BUILT_PRODUCTS_DIR; };
		83E17DC923D31506007F9DA9 /* CountOnMe_OCTests.swift */ = {isa = PBXFileReference; lastKnownFileType = sourcecode.swift; path = CountOnMe_OCTests.swift; sourceTree = "<group>"; };
		83E17DCB23D31506007F9DA9 /* Info.plist */ = {isa = PBXFileReference; lastKnownFileType = text.plist.xml; path = Info.plist; sourceTree = "<group>"; };
		83E17DD023D31506007F9DA9 /* CountOnMe-OCUITests.xctest */ = {isa = PBXFileReference; explicitFileType = wrapper.cfbundle; includeInIndex = 0; path = "CountOnMe-OCUITests.xctest"; sourceTree = BUILT_PRODUCTS_DIR; };
		83E17DD423D31506007F9DA9 /* CountOnMeUITests.swift */ = {isa = PBXFileReference; lastKnownFileType = sourcecode.swift; path = CountOnMeUITests.swift; sourceTree = "<group>"; };
		83E17DD623D31506007F9DA9 /* Info.plist */ = {isa = PBXFileReference; lastKnownFileType = text.plist.xml; path = Info.plist; sourceTree = "<group>"; };
/* End PBXFileReference section */

/* Begin PBXFrameworksBuildPhase section */
		83E17DAE23D31506007F9DA9 /* Frameworks */ = {
			isa = PBXFrameworksBuildPhase;
			buildActionMask = 2147483647;
			files = (
			);
			runOnlyForDeploymentPostprocessing = 0;
		};
		83E17DC223D31506007F9DA9 /* Frameworks */ = {
			isa = PBXFrameworksBuildPhase;
			buildActionMask = 2147483647;
			files = (
			);
			runOnlyForDeploymentPostprocessing = 0;
		};
		83E17DCD23D31506007F9DA9 /* Frameworks */ = {
			isa = PBXFrameworksBuildPhase;
			buildActionMask = 2147483647;
			files = (
			);
			runOnlyForDeploymentPostprocessing = 0;
		};
/* End PBXFrameworksBuildPhase section */

/* Begin PBXGroup section */
		831E0C2723D320500050672D /* Supporting files */ = {
			isa = PBXGroup;
			children = (
				83E17DB423D31506007F9DA9 /* AppDelegate.swift */,
				83E17DBB23D31506007F9DA9 /* Assets.xcassets */,
				830EBF6A23D5C1560033A006 /* Miama.otf */,
				83E17DC023D31506007F9DA9 /* Info.plist */,
			);
			path = "Supporting files";
			sourceTree = "<group>";
		};
		831E0C2823D320600050672D /* Controller */ = {
			isa = PBXGroup;
			children = (
				83E17DB623D31506007F9DA9 /* ViewController.swift */,
			);
			path = Controller;
			sourceTree = "<group>";
		};
		831E0C2923D320650050672D /* View */ = {
			isa = PBXGroup;
			children = (
				83E17DB823D31506007F9DA9 /* Main.storyboard */,
				83E17DBD23D31506007F9DA9 /* LaunchScreen.storyboard */,
			);
			path = View;
			sourceTree = "<group>";
		};
		831E0C2A23D3206A0050672D /* Model */ = {
			isa = PBXGroup;
			children = (
				831E0C2B23D333B50050672D /* CountOnMe.swift */,
			);
			path = Model;
			sourceTree = "<group>";
		};
		83E17DA823D31506007F9DA9 = {
			isa = PBXGroup;
			children = (
				83E17DB323D31506007F9DA9 /* CountOnMe-OC */,
				83E17DC823D31506007F9DA9 /* CountOnMe-OCTests */,
				83E17DD323D31506007F9DA9 /* CountOnMe-OCUITests */,
				83E17DB223D31506007F9DA9 /* Products */,
			);
			sourceTree = "<group>";
		};
		83E17DB223D31506007F9DA9 /* Products */ = {
			isa = PBXGroup;
			children = (
				83E17DB123D31506007F9DA9 /* CountOnMe-OC.app */,
				83E17DC523D31506007F9DA9 /* CountOnMe-OCTests.xctest */,
				83E17DD023D31506007F9DA9 /* CountOnMe-OCUITests.xctest */,
			);
			name = Products;
			sourceTree = "<group>";
		};
		83E17DB323D31506007F9DA9 /* CountOnMe-OC */ = {
			isa = PBXGroup;
			children = (
				831E0C2A23D3206A0050672D /* Model */,
				831E0C2923D320650050672D /* View */,
				831E0C2823D320600050672D /* Controller */,
				831E0C2723D320500050672D /* Supporting files */,
			);
			path = "CountOnMe-OC";
			sourceTree = "<group>";
		};
		83E17DC823D31506007F9DA9 /* CountOnMe-OCTests */ = {
			isa = PBXGroup;
			children = (
				83E17DC923D31506007F9DA9 /* CountOnMe_OCTests.swift */,
				83E17DCB23D31506007F9DA9 /* Info.plist */,
			);
			path = "CountOnMe-OCTests";
			sourceTree = "<group>";
		};
		83E17DD323D31506007F9DA9 /* CountOnMe-OCUITests */ = {
			isa = PBXGroup;
			children = (
				83E17DD423D31506007F9DA9 /* CountOnMeUITests.swift */,
				83E17DD623D31506007F9DA9 /* Info.plist */,
			);
			path = "CountOnMe-OCUITests";
			sourceTree = "<group>";
		};
/* End PBXGroup section */

/* Begin PBXNativeTarget section */
		83E17DB023D31506007F9DA9 /* CountOnMe-OC */ = {
			isa = PBXNativeTarget;
			buildConfigurationList = 83E17DD923D31506007F9DA9 /* Build configuration list for PBXNativeTarget "CountOnMe-OC" */;
			buildPhases = (
				83E17DAD23D31506007F9DA9 /* Sources */,
				83E17DAE23D31506007F9DA9 /* Frameworks */,
				83E17DAF23D31506007F9DA9 /* Resources */,
			);
			buildRules = (
			);
			dependencies = (
			);
			name = "CountOnMe-OC";
			productName = "CountOnMe-OC";
			productReference = 83E17DB123D31506007F9DA9 /* CountOnMe-OC.app */;
			productType = "com.apple.product-type.application";
		};
		83E17DC423D31506007F9DA9 /* CountOnMe-OCTests */ = {
			isa = PBXNativeTarget;
			buildConfigurationList = 83E17DDC23D31506007F9DA9 /* Build configuration list for PBXNativeTarget "CountOnMe-OCTests" */;
			buildPhases = (
				83E17DC123D31506007F9DA9 /* Sources */,
				83E17DC223D31506007F9DA9 /* Frameworks */,
				83E17DC323D31506007F9DA9 /* Resources */,
			);
			buildRules = (
			);
			dependencies = (
				83E17DC723D31506007F9DA9 /* PBXTargetDependency */,
			);
			name = "CountOnMe-OCTests";
			productName = "CountOnMe-OCTests";
			productReference = 83E17DC523D31506007F9DA9 /* CountOnMe-OCTests.xctest */;
			productType = "com.apple.product-type.bundle.unit-test";
		};
		83E17DCF23D31506007F9DA9 /* CountOnMe-OCUITests */ = {
			isa = PBXNativeTarget;
			buildConfigurationList = 83E17DDF23D31506007F9DA9 /* Build configuration list for PBXNativeTarget "CountOnMe-OCUITests" */;
			buildPhases = (
				83E17DCC23D31506007F9DA9 /* Sources */,
				83E17DCD23D31506007F9DA9 /* Frameworks */,
				83E17DCE23D31506007F9DA9 /* Resources */,
			);
			buildRules = (
			);
			dependencies = (
				83E17DD223D31506007F9DA9 /* PBXTargetDependency */,
			);
			name = "CountOnMe-OCUITests";
			productName = "CountOnMe-OCUITests";
			productReference = 83E17DD023D31506007F9DA9 /* CountOnMe-OCUITests.xctest */;
			productType = "com.apple.product-type.bundle.ui-testing";
		};
/* End PBXNativeTarget section */

/* Begin PBXProject section */
		83E17DA923D31506007F9DA9 /* Project object */ = {
			isa = PBXProject;
			attributes = {
				LastSwiftUpdateCheck = 0920;
				LastUpgradeCheck = 0920;
				ORGANIZATIONNAME = Goglow;
				TargetAttributes = {
					83E17DB023D31506007F9DA9 = {
						CreatedOnToolsVersion = 9.2;
						ProvisioningStyle = Automatic;
					};
					83E17DC423D31506007F9DA9 = {
						CreatedOnToolsVersion = 9.2;
						ProvisioningStyle = Automatic;
						TestTargetID = 83E17DB023D31506007F9DA9;
					};
					83E17DCF23D31506007F9DA9 = {
						CreatedOnToolsVersion = 9.2;
						ProvisioningStyle = Automatic;
						TestTargetID = 83E17DB023D31506007F9DA9;
					};
				};
			};
			buildConfigurationList = 83E17DAC23D31506007F9DA9 /* Build configuration list for PBXProject "CountOnMe-OC" */;
			compatibilityVersion = "Xcode 8.0";
			developmentRegion = en;
			hasScannedForEncodings = 0;
			knownRegions = (
				en,
				Base,
			);
			mainGroup = 83E17DA823D31506007F9DA9;
			productRefGroup = 83E17DB223D31506007F9DA9 /* Products */;
			projectDirPath = "";
			projectRoot = "";
			targets = (
				83E17DB023D31506007F9DA9 /* CountOnMe-OC */,
				83E17DC423D31506007F9DA9 /* CountOnMe-OCTests */,
				83E17DCF23D31506007F9DA9 /* CountOnMe-OCUITests */,
			);
		};
/* End PBXProject section */

/* Begin PBXResourcesBuildPhase section */
		83E17DAF23D31506007F9DA9 /* Resources */ = {
			isa = PBXResourcesBuildPhase;
			buildActionMask = 2147483647;
			files = (
				83E17DBF23D31506007F9DA9 /* LaunchScreen.storyboard in Resources */,
				830EBF6B23D5C1560033A006 /* Miama.otf in Resources */,
				83E17DBC23D31506007F9DA9 /* Assets.xcassets in Resources */,
				83E17DBA23D31506007F9DA9 /* Main.storyboard in Resources */,
			);
			runOnlyForDeploymentPostprocessing = 0;
		};
		83E17DC323D31506007F9DA9 /* Resources */ = {
			isa = PBXResourcesBuildPhase;
			buildActionMask = 2147483647;
			files = (
			);
			runOnlyForDeploymentPostprocessing = 0;
		};
		83E17DCE23D31506007F9DA9 /* Resources */ = {
			isa = PBXResourcesBuildPhase;
			buildActionMask = 2147483647;
			files = (
			);
			runOnlyForDeploymentPostprocessing = 0;
		};
/* End PBXResourcesBuildPhase section */

/* Begin PBXSourcesBuildPhase section */
		83E17DAD23D31506007F9DA9 /* Sources */ = {
			isa = PBXSourcesBuildPhase;
			buildActionMask = 2147483647;
			files = (
				83E17DB723D31506007F9DA9 /* ViewController.swift in Sources */,
				83E17DB523D31506007F9DA9 /* AppDelegate.swift in Sources */,
				831E0C2C23D333B50050672D /* CountOnMe.swift in Sources */,
			);
			runOnlyForDeploymentPostprocessing = 0;
		};
		83E17DC123D31506007F9DA9 /* Sources */ = {
			isa = PBXSourcesBuildPhase;
			buildActionMask = 2147483647;
			files = (
				83E17DCA23D31506007F9DA9 /* CountOnMe_OCTests.swift in Sources */,
			);
			runOnlyForDeploymentPostprocessing = 0;
		};
		83E17DCC23D31506007F9DA9 /* Sources */ = {
			isa = PBXSourcesBuildPhase;
			buildActionMask = 2147483647;
			files = (
				83E17DD523D31506007F9DA9 /* CountOnMeUITests.swift in Sources */,
			);
			runOnlyForDeploymentPostprocessing = 0;
		};
/* End PBXSourcesBuildPhase section */

/* Begin PBXTargetDependency section */
		83E17DC723D31506007F9DA9 /* PBXTargetDependency */ = {
			isa = PBXTargetDependency;
			target = 83E17DB023D31506007F9DA9 /* CountOnMe-OC */;
			targetProxy = 83E17DC623D31506007F9DA9 /* PBXContainerItemProxy */;
		};
		83E17DD223D31506007F9DA9 /* PBXTargetDependency */ = {
			isa = PBXTargetDependency;
			target = 83E17DB023D31506007F9DA9 /* CountOnMe-OC */;
			targetProxy = 83E17DD123D31506007F9DA9 /* PBXContainerItemProxy */;
		};
/* End PBXTargetDependency section */

/* Begin PBXVariantGroup section */
		83E17DB823D31506007F9DA9 /* Main.storyboard */ = {
			isa = PBXVariantGroup;
			children = (
				83E17DB923D31506007F9DA9 /* Base */,
			);
			name = Main.storyboard;
			sourceTree = "<group>";
		};
		83E17DBD23D31506007F9DA9 /* LaunchScreen.storyboard */ = {
			isa = PBXVariantGroup;
			children = (
				83E17DBE23D31506007F9DA9 /* Base */,
			);
			name = LaunchScreen.storyboard;
			sourceTree = "<group>";
		};
/* End PBXVariantGroup section */

/* Begin XCBuildConfiguration section */
		83E17DD723D31506007F9DA9 /* Debug */ = {
			isa = XCBuildConfiguration;
			buildSettings = {
				ALWAYS_SEARCH_USER_PATHS = NO;
				CLANG_ANALYZER_NONNULL = YES;
				CLANG_ANALYZER_NUMBER_OBJECT_CONVERSION = YES_AGGRESSIVE;
				CLANG_CXX_LANGUAGE_STANDARD = "gnu++14";
				CLANG_CXX_LIBRARY = "libc++";
				CLANG_ENABLE_MODULES = YES;
				CLANG_ENABLE_OBJC_ARC = YES;
				CLANG_WARN_BLOCK_CAPTURE_AUTORELEASING = YES;
				CLANG_WARN_BOOL_CONVERSION = YES;
				CLANG_WARN_COMMA = YES;
				CLANG_WARN_CONSTANT_CONVERSION = YES;
				CLANG_WARN_DIRECT_OBJC_ISA_USAGE = YES_ERROR;
				CLANG_WARN_DOCUMENTATION_COMMENTS = YES;
				CLANG_WARN_EMPTY_BODY = YES;
				CLANG_WARN_ENUM_CONVERSION = YES;
				CLANG_WARN_INFINITE_RECURSION = YES;
				CLANG_WARN_INT_CONVERSION = YES;
				CLANG_WARN_NON_LITERAL_NULL_CONVERSION = YES;
				CLANG_WARN_OBJC_LITERAL_CONVERSION = YES;
				CLANG_WARN_OBJC_ROOT_CLASS = YES_ERROR;
				CLANG_WARN_RANGE_LOOP_ANALYSIS = YES;
				CLANG_WARN_STRICT_PROTOTYPES = YES;
				CLANG_WARN_SUSPICIOUS_MOVE = YES;
				CLANG_WARN_UNGUARDED_AVAILABILITY = YES_AGGRESSIVE;
				CLANG_WARN_UNREACHABLE_CODE = YES;
				CLANG_WARN__DUPLICATE_METHOD_MATCH = YES;
				CODE_SIGN_IDENTITY = "iPhone Developer";
				COPY_PHASE_STRIP = NO;
				DEBUG_INFORMATION_FORMAT = dwarf;
				ENABLE_STRICT_OBJC_MSGSEND = YES;
				ENABLE_TESTABILITY = YES;
				GCC_C_LANGUAGE_STANDARD = gnu11;
				GCC_DYNAMIC_NO_PIC = NO;
				GCC_NO_COMMON_BLOCKS = YES;
				GCC_OPTIMIZATION_LEVEL = 0;
				GCC_PREPROCESSOR_DEFINITIONS = (
					"DEBUG=1",
					"$(inherited)",
				);
				GCC_WARN_64_TO_32_BIT_CONVERSION = YES;
				GCC_WARN_ABOUT_RETURN_TYPE = YES_ERROR;
				GCC_WARN_UNDECLARED_SELECTOR = YES;
				GCC_WARN_UNINITIALIZED_AUTOS = YES_AGGRESSIVE;
				GCC_WARN_UNUSED_FUNCTION = YES;
				GCC_WARN_UNUSED_VARIABLE = YES;
				IPHONEOS_DEPLOYMENT_TARGET = 11.2;
				MTL_ENABLE_DEBUG_INFO = YES;
				ONLY_ACTIVE_ARCH = YES;
				SDKROOT = iphoneos;
				SWIFT_ACTIVE_COMPILATION_CONDITIONS = DEBUG;
				SWIFT_OPTIMIZATION_LEVEL = "-Onone";
			};
			name = Debug;
		};
		83E17DD823D31506007F9DA9 /* Release */ = {
			isa = XCBuildConfiguration;
			buildSettings = {
				ALWAYS_SEARCH_USER_PATHS = NO;
				CLANG_ANALYZER_NONNULL = YES;
				CLANG_ANALYZER_NUMBER_OBJECT_CONVERSION = YES_AGGRESSIVE;
				CLANG_CXX_LANGUAGE_STANDARD = "gnu++14";
				CLANG_CXX_LIBRARY = "libc++";
				CLANG_ENABLE_MODULES = YES;
				CLANG_ENABLE_OBJC_ARC = YES;
				CLANG_WARN_BLOCK_CAPTURE_AUTORELEASING = YES;
				CLANG_WARN_BOOL_CONVERSION = YES;
				CLANG_WARN_COMMA = YES;
				CLANG_WARN_CONSTANT_CONVERSION = YES;
				CLANG_WARN_DIRECT_OBJC_ISA_USAGE = YES_ERROR;
				CLANG_WARN_DOCUMENTATION_COMMENTS = YES;
				CLANG_WARN_EMPTY_BODY = YES;
				CLANG_WARN_ENUM_CONVERSION = YES;
				CLANG_WARN_INFINITE_RECURSION = YES;
				CLANG_WARN_INT_CONVERSION = YES;
				CLANG_WARN_NON_LITERAL_NULL_CONVERSION = YES;
				CLANG_WARN_OBJC_LITERAL_CONVERSION = YES;
				CLANG_WARN_OBJC_ROOT_CLASS = YES_ERROR;
				CLANG_WARN_RANGE_LOOP_ANALYSIS = YES;
				CLANG_WARN_STRICT_PROTOTYPES = YES;
				CLANG_WARN_SUSPICIOUS_MOVE = YES;
				CLANG_WARN_UNGUARDED_AVAILABILITY = YES_AGGRESSIVE;
				CLANG_WARN_UNREACHABLE_CODE = YES;
				CLANG_WARN__DUPLICATE_METHOD_MATCH = YES;
				CODE_SIGN_IDENTITY = "iPhone Developer";
				COPY_PHASE_STRIP = NO;
				DEBUG_INFORMATION_FORMAT = "dwarf-with-dsym";
				ENABLE_NS_ASSERTIONS = NO;
				ENABLE_STRICT_OBJC_MSGSEND = YES;
				GCC_C_LANGUAGE_STANDARD = gnu11;
				GCC_NO_COMMON_BLOCKS = YES;
				GCC_WARN_64_TO_32_BIT_CONVERSION = YES;
				GCC_WARN_ABOUT_RETURN_TYPE = YES_ERROR;
				GCC_WARN_UNDECLARED_SELECTOR = YES;
				GCC_WARN_UNINITIALIZED_AUTOS = YES_AGGRESSIVE;
				GCC_WARN_UNUSED_FUNCTION = YES;
				GCC_WARN_UNUSED_VARIABLE = YES;
				IPHONEOS_DEPLOYMENT_TARGET = 11.2;
				MTL_ENABLE_DEBUG_INFO = NO;
				SDKROOT = iphoneos;
				SWIFT_OPTIMIZATION_LEVEL = "-Owholemodule";
				VALIDATE_PRODUCT = YES;
			};
			name = Release;
		};
		83E17DDA23D31506007F9DA9 /* Debug */ = {
			isa = XCBuildConfiguration;
			buildSettings = {
				ASSETCATALOG_COMPILER_APPICON_NAME = AppIcon;
				CODE_SIGN_STYLE = Automatic;
				DEVELOPMENT_TEAM = 53FLK3FCZ4;
				INFOPLIST_FILE = "$(SRCROOT)/CountOnMe-OC/Supporting files/Info.plist";
				IPHONEOS_DEPLOYMENT_TARGET = 11.2;
				LD_RUNPATH_SEARCH_PATHS = "$(inherited) @executable_path/Frameworks";
				PRODUCT_BUNDLE_IDENTIFIER = "com.Goglow.CountOnMe-OC";
				PRODUCT_NAME = "$(TARGET_NAME)";
				SWIFT_VERSION = 4.0;
				TARGETED_DEVICE_FAMILY = 1;
			};
			name = Debug;
		};
		83E17DDB23D31506007F9DA9 /* Release */ = {
			isa = XCBuildConfiguration;
			buildSettings = {
				ASSETCATALOG_COMPILER_APPICON_NAME = AppIcon;
				CODE_SIGN_STYLE = Automatic;
				DEVELOPMENT_TEAM = 53FLK3FCZ4;
				INFOPLIST_FILE = "$(SRCROOT)/CountOnMe-OC/Supporting files/Info.plist";
				IPHONEOS_DEPLOYMENT_TARGET = 11.2;
				LD_RUNPATH_SEARCH_PATHS = "$(inherited) @executable_path/Frameworks";
				PRODUCT_BUNDLE_IDENTIFIER = "com.Goglow.CountOnMe-OC";
				PRODUCT_NAME = "$(TARGET_NAME)";
				SWIFT_VERSION = 4.0;
				TARGETED_DEVICE_FAMILY = 1;
			};
			name = Release;
		};
		83E17DDD23D31506007F9DA9 /* Debug */ = {
			isa = XCBuildConfiguration;
			buildSettings = {
				ALWAYS_EMBED_SWIFT_STANDARD_LIBRARIES = YES;
				BUNDLE_LOADER = "$(TEST_HOST)";
				CODE_SIGN_STYLE = Automatic;
				DEVELOPMENT_TEAM = 53FLK3FCZ4;
				INFOPLIST_FILE = "CountOnMe-OCTests/Info.plist";
				LD_RUNPATH_SEARCH_PATHS = "$(inherited) @executable_path/Frameworks @loader_path/Frameworks";
				PRODUCT_BUNDLE_IDENTIFIER = "com.Goglow.CountOnMe-OCTests";
				PRODUCT_NAME = "$(TARGET_NAME)";
				SWIFT_VERSION = 4.0;
				TARGETED_DEVICE_FAMILY = "1,2";
				TEST_HOST = "$(BUILT_PRODUCTS_DIR)/CountOnMe-OC.app/CountOnMe-OC";
			};
			name = Debug;
		};
		83E17DDE23D31506007F9DA9 /* Release */ = {
			isa = XCBuildConfiguration;
			buildSettings = {
				ALWAYS_EMBED_SWIFT_STANDARD_LIBRARIES = YES;
				BUNDLE_LOADER = "$(TEST_HOST)";
				CODE_SIGN_STYLE = Automatic;
				DEVELOPMENT_TEAM = 53FLK3FCZ4;
				INFOPLIST_FILE = "CountOnMe-OCTests/Info.plist";
				LD_RUNPATH_SEARCH_PATHS = "$(inherited) @executable_path/Frameworks @loader_path/Frameworks";
				PRODUCT_BUNDLE_IDENTIFIER = "com.Goglow.CountOnMe-OCTests";
				PRODUCT_NAME = "$(TARGET_NAME)";
				SWIFT_VERSION = 4.0;
				TARGETED_DEVICE_FAMILY = "1,2";
				TEST_HOST = "$(BUILT_PRODUCTS_DIR)/CountOnMe-OC.app/CountOnMe-OC";
			};
			name = Release;
		};
		83E17DE023D31506007F9DA9 /* Debug */ = {
			isa = XCBuildConfiguration;
			buildSettings = {
				ALWAYS_EMBED_SWIFT_STANDARD_LIBRARIES = YES;
				CODE_SIGN_STYLE = Automatic;
				DEVELOPMENT_TEAM = 53FLK3FCZ4;
				INFOPLIST_FILE = "CountOnMe-OCUITests/Info.plist";
				LD_RUNPATH_SEARCH_PATHS = "$(inherited) @executable_path/Frameworks @loader_path/Frameworks";
				PRODUCT_BUNDLE_IDENTIFIER = "com.Goglow.CountOnMe-OCUITests";
				PRODUCT_NAME = "$(TARGET_NAME)";
				SWIFT_VERSION = 4.0;
				TARGETED_DEVICE_FAMILY = "1,2";
				TEST_TARGET_NAME = "CountOnMe-OC";
			};
			name = Debug;
		};
		83E17DE123D31506007F9DA9 /* Release */ = {
			isa = XCBuildConfiguration;
			buildSettings = {
				ALWAYS_EMBED_SWIFT_STANDARD_LIBRARIES = YES;
				CODE_SIGN_STYLE = Automatic;
				DEVELOPMENT_TEAM = 53FLK3FCZ4;
				INFOPLIST_FILE = "CountOnMe-OCUITests/Info.plist";
				LD_RUNPATH_SEARCH_PATHS = "$(inherited) @executable_path/Frameworks @loader_path/Frameworks";
				PRODUCT_BUNDLE_IDENTIFIER = "com.Goglow.CountOnMe-OCUITests";
				PRODUCT_NAME = "$(TARGET_NAME)";
				SWIFT_VERSION = 4.0;
				TARGETED_DEVICE_FAMILY = "1,2";
				TEST_TARGET_NAME = "CountOnMe-OC";
			};
			name = Release;
		};
/* End XCBuildConfiguration section */

/* Begin XCConfigurationList section */
		83E17DAC23D31506007F9DA9 /* Build configuration list for PBXProject "CountOnMe-OC" */ = {
			isa = XCConfigurationList;
			buildConfigurations = (
				83E17DD723D31506007F9DA9 /* Debug */,
				83E17DD823D31506007F9DA9 /* Release */,
			);
			defaultConfigurationIsVisible = 0;
			defaultConfigurationName = Release;
		};
		83E17DD923D31506007F9DA9 /* Build configuration list for PBXNativeTarget "CountOnMe-OC" */ = {
			isa = XCConfigurationList;
			buildConfigurations = (
				83E17DDA23D31506007F9DA9 /* Debug */,
				83E17DDB23D31506007F9DA9 /* Release */,
			);
			defaultConfigurationIsVisible = 0;
			defaultConfigurationName = Release;
		};
		83E17DDC23D31506007F9DA9 /* Build configuration list for PBXNativeTarget "CountOnMe-OCTests" */ = {
			isa = XCConfigurationList;
			buildConfigurations = (
				83E17DDD23D31506007F9DA9 /* Debug */,
				83E17DDE23D31506007F9DA9 /* Release */,
			);
			defaultConfigurationIsVisible = 0;
			defaultConfigurationName = Release;
		};
		83E17DDF23D31506007F9DA9 /* Build configuration list for PBXNativeTarget "CountOnMe-OCUITests" */ = {
			isa = XCConfigurationList;
			buildConfigurations = (
				83E17DE023D31506007F9DA9 /* Debug */,
				83E17DE123D31506007F9DA9 /* Release */,
			);
			defaultConfigurationIsVisible = 0;
			defaultConfigurationName = Release;
		};
/* End XCConfigurationList section */
	};
	rootObject = 83E17DA923D31506007F9DA9 /* Project object */;
}
